
Microsoft Visual Studio Solution File, Format Version 12.00
# Visual Studio 14
VisualStudioVersion = 14.0.24720.0
MinimumVisualStudioVersion = 10.0.40219.1
Project("{FAE04EC0-301F-11D3-BF4B-00C04F79EFBC}") = "MvcApp", "MvcApp\MvcApp.csproj", "{EACA0B5D-7ED7-4AD7-B9E5-994DC2FB5E85}"
EndProject
Project("{FAE04EC0-301F-11D3-BF4B-00C04F79EFBC}") = "SignalRChat", "SignalRChat\SignalRChat.csproj", "{61BEA19D-6E5A-4756-B79D-B595C3DC1FFE}"
EndProject
Global
	GlobalSection(SolutionConfigurationPlatforms) = preSolution
		Debug|Any CPU = Debug|Any CPU
		Release|Any CPU = Release|Any CPU
	EndGlobalSection
	GlobalSection(ProjectConfigurationPlatforms) = postSolution
		{EACA0B5D-7ED7-4AD7-B9E5-994DC2FB5E85}.Debug|Any CPU.ActiveCfg = Debug|Any CPU
		{EACA0B5D-7ED7-4AD7-B9E5-994DC2FB5E85}.Debug|Any CPU.Build.0 = Debug|Any CPU
		{EACA0B5D-7ED7-4AD7-B9E5-994DC2FB5E85}.Release|Any CPU.ActiveCfg = Release|Any CPU
		{EACA0B5D-7ED7-4AD7-B9E5-994DC2FB5E85}.Release|Any CPU.Build.0 = Release|Any CPU
		{61BEA19D-6E5A-4756-B79D-B595C3DC1FFE}.Debug|Any CPU.ActiveCfg = Debug|Any CPU
		{61BEA19D-6E5A-4756-B79D-B595C3DC1FFE}.Debug|Any CPU.Build.0 = Debug|Any CPU
		{61BEA19D-6E5A-4756-B79D-B595C3DC1FFE}.Release|Any CPU.ActiveCfg = Release|Any CPU
		{61BEA19D-6E5A-4756-B79D-B595C3DC1FFE}.Release|Any CPU.Build.0 = Release|Any CPU
	EndGlobalSection
	GlobalSection(SolutionProperties) = preSolution
		HideSolutionNode = FALSE
	EndGlobalSection
EndGlobal
